{
  "name": "ajs_node",
  "version": "1.1.1",
  "lockfileVersion": 3,
  "requires": true,
  "packages": {
    "": {
      "name": "ajs_node",
      "version": "1.1.1",
      "license": "ISC",
      "dependencies": {
        "@gu-helen04/ajs": "^1.1.0"
      }
    },
    "node_modules/@gu-helen04/ajs": {
      "version": "1.1.0",
      "resolved": "https://npm.pkg.github.com/download/@gu-helen04/ajs/1.1.0/3002ba7ea5136a84bdfd472c282e874d32de74e1",
      "integrity": "sha512-nk8G5/S9Eo3Gp1xOPNHUoM9Bdq+3V2FaHK8ObGnvNVdTAYqce10oaCttKFy5c04/sEV4GRaldAVpFc3KUBrQZA==",
      "license": "ISC"
    }
  }
}
